{
  "name": "ads-keyword-generator",
  "version": "0.0.1",
  "lockfileVersion": 1,
  "requires": true,
  "dependencies": {
    "csv-parse": {
      "version": "3.0.0",
      "resolved": "https://registry.npmjs.org/csv-parse/-/csv-parse-3.0.0.tgz",
      "integrity": "sha512-h58BzkfwYNY1gyfl6NUZe1OKxXy/Pn6ZeXlkz3fdLdg/r3Om+lgMySw9SxH7rDs8ARFFyIc6UI6fLnaeRkjNPQ=="
    }
  }
}
